
Microsoft Visual Studio Solution File, Format Version 12.00
# Visual Studio Version 17
VisualStudioVersion = 17.0.32014.148
MinimumVisualStudioVersion = 10.0.40219.1
Project("{9A19103F-16F7-4668-BE54-9A1E7A4F7556}") = "TravisB-P1API.API", "TravisB-P1API.API.csproj", "{C71601CB-8CEF-4C9C-96DA-3E7CFD05FDBD}"
EndProject
Project("{FAE04EC0-301F-11D3-BF4B-00C04F79EFBC}") = "TravisB-P1.DataStorage", "..\..\TravisB-P1.Datastorage\TravisB-P1.DataStorage.csproj", "{659C5BEE-D005-4646-AF36-7F2F4FA102D4}"
EndProject
Project("{FAE04EC0-301F-11D3-BF4B-00C04F79EFBC}") = "TravisB-P1.Logic", "..\..\TravisB-P1.logic\TravisB-P1.Logic.csproj", "{AF68BFE7-2F5C-43C1-9391-1B331D8E0CCF}"
EndProject
Project("{FAE04EC0-301F-11D3-BF4B-00C04F79EFBC}") = "TravisB-P1API.DataStorage", "..\TravisB-P1API.DataStorage\TravisB-P1API.DataStorage.csproj", "{831A8C44-B5B3-4D53-BCF7-0F8DACB2B6FE}"
EndProject
Global
	GlobalSection(SolutionConfigurationPlatforms) = preSolution
		Debug|Any CPU = Debug|Any CPU
		Release|Any CPU = Release|Any CPU
	EndGlobalSection
	GlobalSection(ProjectConfigurationPlatforms) = postSolution
		{C71601CB-8CEF-4C9C-96DA-3E7CFD05FDBD}.Debug|Any CPU.ActiveCfg = Debug|Any CPU
		{C71601CB-8CEF-4C9C-96DA-3E7CFD05FDBD}.Debug|Any CPU.Build.0 = Debug|Any CPU
		{C71601CB-8CEF-4C9C-96DA-3E7CFD05FDBD}.Release|Any CPU.ActiveCfg = Release|Any CPU
		{C71601CB-8CEF-4C9C-96DA-3E7CFD05FDBD}.Release|Any CPU.Build.0 = Release|Any CPU
		{659C5BEE-D005-4646-AF36-7F2F4FA102D4}.Debug|Any CPU.ActiveCfg = Debug|Any CPU
		{659C5BEE-D005-4646-AF36-7F2F4FA102D4}.Debug|Any CPU.Build.0 = Debug|Any CPU
		{659C5BEE-D005-4646-AF36-7F2F4FA102D4}.Release|Any CPU.ActiveCfg = Release|Any CPU
		{659C5BEE-D005-4646-AF36-7F2F4FA102D4}.Release|Any CPU.Build.0 = Release|Any CPU
		{AF68BFE7-2F5C-43C1-9391-1B331D8E0CCF}.Debug|Any CPU.ActiveCfg = Debug|Any CPU
		{AF68BFE7-2F5C-43C1-9391-1B331D8E0CCF}.Debug|Any CPU.Build.0 = Debug|Any CPU
		{AF68BFE7-2F5C-43C1-9391-1B331D8E0CCF}.Release|Any CPU.ActiveCfg = Release|Any CPU
		{AF68BFE7-2F5C-43C1-9391-1B331D8E0CCF}.Release|Any CPU.Build.0 = Release|Any CPU
		{831A8C44-B5B3-4D53-BCF7-0F8DACB2B6FE}.Debug|Any CPU.ActiveCfg = Debug|Any CPU
		{831A8C44-B5B3-4D53-BCF7-0F8DACB2B6FE}.Debug|Any CPU.Build.0 = Debug|Any CPU
		{831A8C44-B5B3-4D53-BCF7-0F8DACB2B6FE}.Release|Any CPU.ActiveCfg = Release|Any CPU
		{831A8C44-B5B3-4D53-BCF7-0F8DACB2B6FE}.Release|Any CPU.Build.0 = Release|Any CPU
	EndGlobalSection
	GlobalSection(SolutionProperties) = preSolution
		HideSolutionNode = FALSE
	EndGlobalSection
	GlobalSection(ExtensibilityGlobals) = postSolution
		SolutionGuid = {10C5D647-FA00-4376-B4C9-546315973C80}
	EndGlobalSection
EndGlobal
