
Microsoft Visual Studio Solution File, Format Version 12.00
# Visual Studio Version 17
VisualStudioVersion = 17.0.32014.148
MinimumVisualStudioVersion = 10.0.40219.1
Project("{9A19103F-16F7-4668-BE54-9A1E7A4F7556}") = "TravisB-P1API.API", "TravisB-P1API.API.csproj", "{C71601CB-8CEF-4C9C-96DA-3E7CFD05FDBD}"
EndProject
Project("{FAE04EC0-301F-11D3-BF4B-00C04F79EFBC}") = "TravisB-P1API.Logic", "..\TravisB-P1API.Logic\TravisB-P1API.Logic.csproj", "{FEE06A9F-BE3F-4664-8F54-47C7D63EC771}"
EndProject
Project("{FAE04EC0-301F-11D3-BF4B-00C04F79EFBC}") = "TravisB-P1.DataStorage", "..\TravisB-P1.DataStorage\TravisB-P1.DataStorage.csproj", "{4CFF17DF-79AD-4049-963B-B698A7142465}"
EndProject
Global
	GlobalSection(SolutionConfigurationPlatforms) = preSolution
		Debug|Any CPU = Debug|Any CPU
		Release|Any CPU = Release|Any CPU
	EndGlobalSection
	GlobalSection(ProjectConfigurationPlatforms) = postSolution
		{C71601CB-8CEF-4C9C-96DA-3E7CFD05FDBD}.Debug|Any CPU.ActiveCfg = Debug|Any CPU
		{C71601CB-8CEF-4C9C-96DA-3E7CFD05FDBD}.Debug|Any CPU.Build.0 = Debug|Any CPU
		{C71601CB-8CEF-4C9C-96DA-3E7CFD05FDBD}.Release|Any CPU.ActiveCfg = Release|Any CPU
		{C71601CB-8CEF-4C9C-96DA-3E7CFD05FDBD}.Release|Any CPU.Build.0 = Release|Any CPU
		{FEE06A9F-BE3F-4664-8F54-47C7D63EC771}.Debug|Any CPU.ActiveCfg = Debug|Any CPU
		{FEE06A9F-BE3F-4664-8F54-47C7D63EC771}.Debug|Any CPU.Build.0 = Debug|Any CPU
		{FEE06A9F-BE3F-4664-8F54-47C7D63EC771}.Release|Any CPU.ActiveCfg = Release|Any CPU
		{FEE06A9F-BE3F-4664-8F54-47C7D63EC771}.Release|Any CPU.Build.0 = Release|Any CPU
		{4CFF17DF-79AD-4049-963B-B698A7142465}.Debug|Any CPU.ActiveCfg = Debug|Any CPU
		{4CFF17DF-79AD-4049-963B-B698A7142465}.Debug|Any CPU.Build.0 = Debug|Any CPU
		{4CFF17DF-79AD-4049-963B-B698A7142465}.Release|Any CPU.ActiveCfg = Release|Any CPU
		{4CFF17DF-79AD-4049-963B-B698A7142465}.Release|Any CPU.Build.0 = Release|Any CPU
	EndGlobalSection
	GlobalSection(SolutionProperties) = preSolution
		HideSolutionNode = FALSE
	EndGlobalSection
	GlobalSection(ExtensibilityGlobals) = postSolution
		SolutionGuid = {10C5D647-FA00-4376-B4C9-546315973C80}
	EndGlobalSection
EndGlobal
