
Microsoft Visual Studio Solution File, Format Version 12.00
# Visual Studio Version 17
VisualStudioVersion = 17.0.32014.148
MinimumVisualStudioVersion = 10.0.40219.1
Project("{FAE04EC0-301F-11D3-BF4B-00C04F79EFBC}") = "TravisB-P1API.API", "TravisB-P1API.API.csproj", "{C71601CB-8CEF-4C9C-96DA-3E7CFD05FDBD}"
EndProject
Project("{FAE04EC0-301F-11D3-BF4B-00C04F79EFBC}") = "TravisB-P1API.Logic", "..\TravisB-P1API.Logic\TravisB-P1API.Logic.csproj", "{2DCD4316-7664-45E4-B0E6-CB23B1672A4B}"
EndProject
Project("{FAE04EC0-301F-11D3-BF4B-00C04F79EFBC}") = "TravisB-P1API.DataStorage", "..\TravisB-P1API.DataStorage\TravisB-P1API.DataStorage.csproj", "{6D0058A6-F640-48F9-A5DB-A98CE8471CB8}"
EndProject
Global
	GlobalSection(SolutionConfigurationPlatforms) = preSolution
		Debug|Any CPU = Debug|Any CPU
		Release|Any CPU = Release|Any CPU
	EndGlobalSection
	GlobalSection(ProjectConfigurationPlatforms) = postSolution
		{C71601CB-8CEF-4C9C-96DA-3E7CFD05FDBD}.Debug|Any CPU.ActiveCfg = Debug|Any CPU
		{C71601CB-8CEF-4C9C-96DA-3E7CFD05FDBD}.Debug|Any CPU.Build.0 = Debug|Any CPU
		{C71601CB-8CEF-4C9C-96DA-3E7CFD05FDBD}.Release|Any CPU.ActiveCfg = Release|Any CPU
		{C71601CB-8CEF-4C9C-96DA-3E7CFD05FDBD}.Release|Any CPU.Build.0 = Release|Any CPU
		{2DCD4316-7664-45E4-B0E6-CB23B1672A4B}.Debug|Any CPU.ActiveCfg = Debug|Any CPU
		{2DCD4316-7664-45E4-B0E6-CB23B1672A4B}.Debug|Any CPU.Build.0 = Debug|Any CPU
		{2DCD4316-7664-45E4-B0E6-CB23B1672A4B}.Release|Any CPU.ActiveCfg = Release|Any CPU
		{2DCD4316-7664-45E4-B0E6-CB23B1672A4B}.Release|Any CPU.Build.0 = Release|Any CPU
		{6D0058A6-F640-48F9-A5DB-A98CE8471CB8}.Debug|Any CPU.ActiveCfg = Debug|Any CPU
		{6D0058A6-F640-48F9-A5DB-A98CE8471CB8}.Debug|Any CPU.Build.0 = Debug|Any CPU
		{6D0058A6-F640-48F9-A5DB-A98CE8471CB8}.Release|Any CPU.ActiveCfg = Release|Any CPU
		{6D0058A6-F640-48F9-A5DB-A98CE8471CB8}.Release|Any CPU.Build.0 = Release|Any CPU
	EndGlobalSection
	GlobalSection(SolutionProperties) = preSolution
		HideSolutionNode = FALSE
	EndGlobalSection
	GlobalSection(ExtensibilityGlobals) = postSolution
		SolutionGuid = {10C5D647-FA00-4376-B4C9-546315973C80}
	EndGlobalSection
EndGlobal
