
Microsoft Visual Studio Solution File, Format Version 12.00
# Visual Studio Version 17
VisualStudioVersion = 17.0.32014.148
MinimumVisualStudioVersion = 10.0.40219.1
Project("{FAE04EC0-301F-11D3-BF4B-00C04F79EFBC}") = "TravisB_P1.Console", "TravisB_P1.Console.csproj", "{554E3146-E353-4661-84E2-F7EC75EBCF2F}"
EndProject
Global
	GlobalSection(SolutionConfigurationPlatforms) = preSolution
		Debug|Any CPU = Debug|Any CPU
		Release|Any CPU = Release|Any CPU
	EndGlobalSection
	GlobalSection(ProjectConfigurationPlatforms) = postSolution
		{554E3146-E353-4661-84E2-F7EC75EBCF2F}.Debug|Any CPU.ActiveCfg = Debug|Any CPU
		{554E3146-E353-4661-84E2-F7EC75EBCF2F}.Debug|Any CPU.Build.0 = Debug|Any CPU
		{554E3146-E353-4661-84E2-F7EC75EBCF2F}.Release|Any CPU.ActiveCfg = Release|Any CPU
		{554E3146-E353-4661-84E2-F7EC75EBCF2F}.Release|Any CPU.Build.0 = Release|Any CPU
	EndGlobalSection
	GlobalSection(SolutionProperties) = preSolution
		HideSolutionNode = FALSE
	EndGlobalSection
	GlobalSection(ExtensibilityGlobals) = postSolution
		SolutionGuid = {19F0A7C6-5066-45A2-A02E-C5A6EE9E0825}
	EndGlobalSection
EndGlobal
